
Microsoft Visual Studio Solution File, Format Version 12.00
# Visual Studio 14
VisualStudioVersion = 14.0.25420.1
MinimumVisualStudioVersion = 10.0.40219.1
Project("{FAE04EC0-301F-11D3-BF4B-00C04F79EFBC}") = "IO-zadanie7", "IO-zadanie7\IO-zadanie7.csproj", "{D1B60D58-AAA3-414B-B02A-71A013F6883B}"
EndProject
Global
	GlobalSection(SolutionConfigurationPlatforms) = preSolution
		Debug|Any CPU = Debug|Any CPU
		Release|Any CPU = Release|Any CPU
	EndGlobalSection
	GlobalSection(ProjectConfigurationPlatforms) = postSolution
		{D1B60D58-AAA3-414B-B02A-71A013F6883B}.Debug|Any CPU.ActiveCfg = Debug|Any CPU
		{D1B60D58-AAA3-414B-B02A-71A013F6883B}.Debug|Any CPU.Build.0 = Debug|Any CPU
		{D1B60D58-AAA3-414B-B02A-71A013F6883B}.Release|Any CPU.ActiveCfg = Release|Any CPU
		{D1B60D58-AAA3-414B-B02A-71A013F6883B}.Release|Any CPU.Build.0 = Release|Any CPU
	EndGlobalSection
	GlobalSection(SolutionProperties) = preSolution
		HideSolutionNode = FALSE
	EndGlobalSection
EndGlobal
